
Microsoft Visual Studio Solution File, Format Version 12.00
# Visual Studio 14
VisualStudioVersion = 14.0.25420.1
MinimumVisualStudioVersion = 10.0.40219.1
Project("{FAE04EC0-301F-11D3-BF4B-00C04F79EFBC}") = "mvs_rpc_dotnet", "mvs_rpc_dotnet\mvs_rpc_dotnet.csproj", "{2BE9F324-8CAC-48B1-9219-26D5CDF8DFBD}"
EndProject
Project("{FAE04EC0-301F-11D3-BF4B-00C04F79EFBC}") = "test_rpc", "test_rpc\test_rpc.csproj", "{7CE66037-1D2B-4600-ACF7-1682E326047B}"
EndProject
Global
	GlobalSection(SolutionConfigurationPlatforms) = preSolution
		Debug|Any CPU = Debug|Any CPU
		Release|Any CPU = Release|Any CPU
	EndGlobalSection
	GlobalSection(ProjectConfigurationPlatforms) = postSolution
		{2BE9F324-8CAC-48B1-9219-26D5CDF8DFBD}.Debug|Any CPU.ActiveCfg = Debug|Any CPU
		{2BE9F324-8CAC-48B1-9219-26D5CDF8DFBD}.Debug|Any CPU.Build.0 = Debug|Any CPU
		{2BE9F324-8CAC-48B1-9219-26D5CDF8DFBD}.Release|Any CPU.ActiveCfg = Release|Any CPU
		{2BE9F324-8CAC-48B1-9219-26D5CDF8DFBD}.Release|Any CPU.Build.0 = Release|Any CPU
		{7CE66037-1D2B-4600-ACF7-1682E326047B}.Debug|Any CPU.ActiveCfg = Debug|Any CPU
		{7CE66037-1D2B-4600-ACF7-1682E326047B}.Debug|Any CPU.Build.0 = Debug|Any CPU
		{7CE66037-1D2B-4600-ACF7-1682E326047B}.Release|Any CPU.ActiveCfg = Release|Any CPU
		{7CE66037-1D2B-4600-ACF7-1682E326047B}.Release|Any CPU.Build.0 = Release|Any CPU
	EndGlobalSection
	GlobalSection(SolutionProperties) = preSolution
		HideSolutionNode = FALSE
	EndGlobalSection
EndGlobal
